{
  "name": "5.6",
  "lockfileVersion": 3,
  "requires": true,
  "packages": {
    "": {
      "dependencies": {
        "types-registry": "^0.1.726"
      }
    },
    "node_modules/types-registry": {
      "version": "0.1.726",
      "resolved": "https://registry.npmjs.org/types-registry/-/types-registry-0.1.726.tgz",
      "integrity": "sha512-5gZveoPqxIN2pbmFeyyp46W6gwCfEVA0V09QbF+q2dGtK4cRThGcTwY1c5kJITIrmgSJIX9fX1hubJw7FXaNjA==",
      "license": "MIT"
    }
  }
}
